// !$*UTF8*$!
{
	archiveVersion = 1;
	classes = {
	};
	objectVersion = 50;
	objects = {

/* Begin PBXBuildFile section */
		5718BFE921FA75A800A8E4B8 /* AppDelegate.swift in Sources */ = {isa = PBXBuildFile; fileRef = 5718BFE821FA75A800A8E4B8 /* AppDelegate.swift */; };
		5718BFF021FA75A900A8E4B8 /* Assets.xcassets in Resources */ = {isa = PBXBuildFile; fileRef = 5718BFEF21FA75A900A8E4B8 /* Assets.xcassets */; };
		5718BFF321FA75A900A8E4B8 /* LaunchScreen.storyboard in Resources */ = {isa = PBXBuildFile; fileRef = 5718BFF121FA75A900A8E4B8 /* LaunchScreen.storyboard */; };
		5718BFFC21FA763200A8E4B8 /* String+DateExtensions.swift in Sources */ = {isa = PBXBuildFile; fileRef = 5718BFFB21FA763200A8E4B8 /* String+DateExtensions.swift */; };
		5718BFFE21FA764E00A8E4B8 /* Date+Extensions.swift in Sources */ = {isa = PBXBuildFile; fileRef = 5718BFFD21FA764E00A8E4B8 /* Date+Extensions.swift */; };
		5718C00021FA771800A8E4B8 /* NetworkHelper.swift in Sources */ = {isa = PBXBuildFile; fileRef = 5718BFFF21FA771800A8E4B8 /* NetworkHelper.swift */; };
		5718C00221FA772600A8E4B8 /* AppError.swift in Sources */ = {isa = PBXBuildFile; fileRef = 5718C00121FA772600A8E4B8 /* AppError.swift */; };
		5718C00421FA77AA00A8E4B8 /* DataPersistenceManager.swift in Sources */ = {isa = PBXBuildFile; fileRef = 5718C00321FA77AA00A8E4B8 /* DataPersistenceManager.swift */; };
		5718C00621FA78BA00A8E4B8 /* ImageHelper.swift in Sources */ = {isa = PBXBuildFile; fileRef = 5718C00521FA78BA00A8E4B8 /* ImageHelper.swift */; };
		93892D1821FB844F00B1A0E5 /* BestSellerViewController.swift in Sources */ = {isa = PBXBuildFile; fileRef = 93892D1721FB844F00B1A0E5 /* BestSellerViewController.swift */; };
		93892D1A21FB845700B1A0E5 /* FavoriteViewController.swift in Sources */ = {isa = PBXBuildFile; fileRef = 93892D1921FB845700B1A0E5 /* FavoriteViewController.swift */; };
		93892D1C21FB846200B1A0E5 /* SettingsViewController.swift in Sources */ = {isa = PBXBuildFile; fileRef = 93892D1B21FB846200B1A0E5 /* SettingsViewController.swift */; };
		93892D1E21FB846D00B1A0E5 /* DetailViewController.swift in Sources */ = {isa = PBXBuildFile; fileRef = 93892D1D21FB846D00B1A0E5 /* DetailViewController.swift */; };
		93892D2021FB847F00B1A0E5 /* BestSellerView.swift in Sources */ = {isa = PBXBuildFile; fileRef = 93892D1F21FB847F00B1A0E5 /* BestSellerView.swift */; };
		93892D2221FB848700B1A0E5 /* FavoriteView.swift in Sources */ = {isa = PBXBuildFile; fileRef = 93892D2121FB848700B1A0E5 /* FavoriteView.swift */; };
		93892D2421FB848F00B1A0E5 /* SettingsView.swift in Sources */ = {isa = PBXBuildFile; fileRef = 93892D2321FB848F00B1A0E5 /* SettingsView.swift */; };
		93892D2621FB849900B1A0E5 /* DetailView.swift in Sources */ = {isa = PBXBuildFile; fileRef = 93892D2521FB849900B1A0E5 /* DetailView.swift */; };
		93892D2A21FB86ED00B1A0E5 /* TabBarViewController.swift in Sources */ = {isa = PBXBuildFile; fileRef = 93892D2921FB86ED00B1A0E5 /* TabBarViewController.swift */; };
		93892D2C21FB9B4A00B1A0E5 /* BestSellerCollectionViewCell.swift in Sources */ = {isa = PBXBuildFile; fileRef = 93892D2B21FB9B4900B1A0E5 /* BestSellerCollectionViewCell.swift */; };
		93892D2F21FBB02B00B1A0E5 /* GenreModel.swift in Sources */ = {isa = PBXBuildFile; fileRef = 93892D2E21FBB02B00B1A0E5 /* GenreModel.swift */; };
		93892D3121FBB03900B1A0E5 /* BooksModel.swift in Sources */ = {isa = PBXBuildFile; fileRef = 93892D3021FBB03900B1A0E5 /* BooksModel.swift */; };
		93892D3321FBB04500B1A0E5 /* ImageModel.swift in Sources */ = {isa = PBXBuildFile; fileRef = 93892D3221FBB04500B1A0E5 /* ImageModel.swift */; };
		93892D3521FBC25900B1A0E5 /* FavoriteCollectionViewCell.swift in Sources */ = {isa = PBXBuildFile; fileRef = 93892D3421FBC25900B1A0E5 /* FavoriteCollectionViewCell.swift */; };
		93892D7521FF9CFE00B1A0E5 /* GoogleAPIClient.swift in Sources */ = {isa = PBXBuildFile; fileRef = 93892D7421FF9CFE00B1A0E5 /* GoogleAPIClient.swift */; };
		93892D7721FF9D1300B1A0E5 /* NYTAPIClient.swift in Sources */ = {isa = PBXBuildFile; fileRef = 93892D7621FF9D1300B1A0E5 /* NYTAPIClient.swift */; };
		93892D7921FF9F7100B1A0E5 /* SecretKeys.swift in Sources */ = {isa = PBXBuildFile; fileRef = 93892D7821FF9F7100B1A0E5 /* SecretKeys.swift */; };
		93892D7B2200CAA400B1A0E5 /* FavoriteBooks.swift in Sources */ = {isa = PBXBuildFile; fileRef = 93892D7A2200CAA400B1A0E5 /* FavoriteBooks.swift */; };
		93892D7D2200E77C00B1A0E5 /* FavoriteModel.swift in Sources */ = {isa = PBXBuildFile; fileRef = 93892D7C2200E77C00B1A0E5 /* FavoriteModel.swift */; };
		93892D7F2201091E00B1A0E5 /* AmazonWebViewController.swift in Sources */ = {isa = PBXBuildFile; fileRef = 93892D7E2201091E00B1A0E5 /* AmazonWebViewController.swift */; };
		93892D812201093200B1A0E5 /* AmazonWebView.swift in Sources */ = {isa = PBXBuildFile; fileRef = 93892D802201093200B1A0E5 /* AmazonWebView.swift */; };
/* End PBXBuildFile section */

/* Begin PBXFileReference section */
		5718BFE521FA75A800A8E4B8 /* NYTBestsellers.app */ = {isa = PBXFileReference; explicitFileType = wrapper.application; includeInIndex = 0; path = NYTBestsellers.app; sourceTree = BUILT_PRODUCTS_DIR; };
		5718BFE821FA75A800A8E4B8 /* AppDelegate.swift */ = {isa = PBXFileReference; lastKnownFileType = sourcecode.swift; path = AppDelegate.swift; sourceTree = "<group>"; };
		5718BFEF21FA75A900A8E4B8 /* Assets.xcassets */ = {isa = PBXFileReference; lastKnownFileType = folder.assetcatalog; path = Assets.xcassets; sourceTree = "<group>"; };
		5718BFF221FA75A900A8E4B8 /* Base */ = {isa = PBXFileReference; lastKnownFileType = file.storyboard; name = Base; path = Base.lproj/LaunchScreen.storyboard; sourceTree = "<group>"; };
		5718BFF421FA75A900A8E4B8 /* Info.plist */ = {isa = PBXFileReference; lastKnownFileType = text.plist.xml; path = Info.plist; sourceTree = "<group>"; };
		5718BFFB21FA763200A8E4B8 /* String+DateExtensions.swift */ = {isa = PBXFileReference; lastKnownFileType = sourcecode.swift; path = "String+DateExtensions.swift"; sourceTree = "<group>"; };
		5718BFFD21FA764E00A8E4B8 /* Date+Extensions.swift */ = {isa = PBXFileReference; lastKnownFileType = sourcecode.swift; path = "Date+Extensions.swift"; sourceTree = "<group>"; };
		5718BFFF21FA771800A8E4B8 /* NetworkHelper.swift */ = {isa = PBXFileReference; lastKnownFileType = sourcecode.swift; path = NetworkHelper.swift; sourceTree = "<group>"; };
		5718C00121FA772600A8E4B8 /* AppError.swift */ = {isa = PBXFileReference; lastKnownFileType = sourcecode.swift; path = AppError.swift; sourceTree = "<group>"; };
		5718C00321FA77AA00A8E4B8 /* DataPersistenceManager.swift */ = {isa = PBXFileReference; lastKnownFileType = sourcecode.swift; path = DataPersistenceManager.swift; sourceTree = "<group>"; };
		5718C00521FA78BA00A8E4B8 /* ImageHelper.swift */ = {isa = PBXFileReference; lastKnownFileType = sourcecode.swift; path = ImageHelper.swift; sourceTree = "<group>"; };
		93892D1721FB844F00B1A0E5 /* BestSellerViewController.swift */ = {isa = PBXFileReference; lastKnownFileType = sourcecode.swift; path = BestSellerViewController.swift; sourceTree = "<group>"; };
		93892D1921FB845700B1A0E5 /* FavoriteViewController.swift */ = {isa = PBXFileReference; lastKnownFileType = sourcecode.swift; path = FavoriteViewController.swift; sourceTree = "<group>"; };
		93892D1B21FB846200B1A0E5 /* SettingsViewController.swift */ = {isa = PBXFileReference; lastKnownFileType = sourcecode.swift; path = SettingsViewController.swift; sourceTree = "<group>"; };
		93892D1D21FB846D00B1A0E5 /* DetailViewController.swift */ = {isa = PBXFileReference; lastKnownFileType = sourcecode.swift; path = DetailViewController.swift; sourceTree = "<group>"; };
		93892D1F21FB847F00B1A0E5 /* BestSellerView.swift */ = {isa = PBXFileReference; lastKnownFileType = sourcecode.swift; path = BestSellerView.swift; sourceTree = "<group>"; };
		93892D2121FB848700B1A0E5 /* FavoriteView.swift */ = {isa = PBXFileReference; lastKnownFileType = sourcecode.swift; path = FavoriteView.swift; sourceTree = "<group>"; };
		93892D2321FB848F00B1A0E5 /* SettingsView.swift */ = {isa = PBXFileReference; lastKnownFileType = sourcecode.swift; path = SettingsView.swift; sourceTree = "<group>"; };
		93892D2521FB849900B1A0E5 /* DetailView.swift */ = {isa = PBXFileReference; lastKnownFileType = sourcecode.swift; path = DetailView.swift; sourceTree = "<group>"; };
		93892D2921FB86ED00B1A0E5 /* TabBarViewController.swift */ = {isa = PBXFileReference; lastKnownFileType = sourcecode.swift; path = TabBarViewController.swift; sourceTree = "<group>"; };
		93892D2B21FB9B4900B1A0E5 /* BestSellerCollectionViewCell.swift */ = {isa = PBXFileReference; lastKnownFileType = sourcecode.swift; path = BestSellerCollectionViewCell.swift; sourceTree = "<group>"; };
		93892D2E21FBB02B00B1A0E5 /* GenreModel.swift */ = {isa = PBXFileReference; lastKnownFileType = sourcecode.swift; path = GenreModel.swift; sourceTree = "<group>"; };
		93892D3021FBB03900B1A0E5 /* BooksModel.swift */ = {isa = PBXFileReference; lastKnownFileType = sourcecode.swift; path = BooksModel.swift; sourceTree = "<group>"; };
		93892D3221FBB04500B1A0E5 /* ImageModel.swift */ = {isa = PBXFileReference; lastKnownFileType = sourcecode.swift; path = ImageModel.swift; sourceTree = "<group>"; };
		93892D3421FBC25900B1A0E5 /* FavoriteCollectionViewCell.swift */ = {isa = PBXFileReference; lastKnownFileType = sourcecode.swift; path = FavoriteCollectionViewCell.swift; sourceTree = "<group>"; };
		93892D7421FF9CFE00B1A0E5 /* GoogleAPIClient.swift */ = {isa = PBXFileReference; lastKnownFileType = sourcecode.swift; path = GoogleAPIClient.swift; sourceTree = "<group>"; };
		93892D7621FF9D1300B1A0E5 /* NYTAPIClient.swift */ = {isa = PBXFileReference; lastKnownFileType = sourcecode.swift; path = NYTAPIClient.swift; sourceTree = "<group>"; };
		93892D7821FF9F7100B1A0E5 /* SecretKeys.swift */ = {isa = PBXFileReference; lastKnownFileType = sourcecode.swift; path = SecretKeys.swift; sourceTree = "<group>"; };
		93892D7A2200CAA400B1A0E5 /* FavoriteBooks.swift */ = {isa = PBXFileReference; lastKnownFileType = sourcecode.swift; path = FavoriteBooks.swift; sourceTree = "<group>"; };
		93892D7C2200E77C00B1A0E5 /* FavoriteModel.swift */ = {isa = PBXFileReference; lastKnownFileType = sourcecode.swift; path = FavoriteModel.swift; sourceTree = "<group>"; };
		93892D7E2201091E00B1A0E5 /* AmazonWebViewController.swift */ = {isa = PBXFileReference; lastKnownFileType = sourcecode.swift; path = AmazonWebViewController.swift; sourceTree = "<group>"; };
		93892D802201093200B1A0E5 /* AmazonWebView.swift */ = {isa = PBXFileReference; lastKnownFileType = sourcecode.swift; path = AmazonWebView.swift; sourceTree = "<group>"; };
/* End PBXFileReference section */

/* Begin PBXFrameworksBuildPhase section */
		5718BFE221FA75A800A8E4B8 /* Frameworks */ = {
			isa = PBXFrameworksBuildPhase;
			buildActionMask = 2147483647;
			files = (
			);
			runOnlyForDeploymentPostprocessing = 0;
		};
/* End PBXFrameworksBuildPhase section */

/* Begin PBXGroup section */
		5718BFDC21FA75A800A8E4B8 = {
			isa = PBXGroup;
			children = (
				5718BFE721FA75A800A8E4B8 /* NYTBestsellers */,
				5718BFE621FA75A800A8E4B8 /* Products */,
			);
			sourceTree = "<group>";
		};
		5718BFE621FA75A800A8E4B8 /* Products */ = {
			isa = PBXGroup;
			children = (
				5718BFE521FA75A800A8E4B8 /* NYTBestsellers.app */,
			);
			name = Products;
			sourceTree = "<group>";
		};
		5718BFE721FA75A800A8E4B8 /* NYTBestsellers */ = {
			isa = PBXGroup;
			children = (
				93892D2D21FBAEED00B1A0E5 /* Models */,
				93892D1621FB83FE00B1A0E5 /* Controllers */,
				5718C00721FA78E800A8E4B8 /* Network Services */,
				5718C00921FA791C00A8E4B8 /* File Manager Helpers */,
				5718C00821FA790000A8E4B8 /* Date Helpers */,
				5718BFFA21FA75C000A8E4B8 /* Supporting Files */,
				5718BFF421FA75A900A8E4B8 /* Info.plist */,
			);
			path = NYTBestsellers;
			sourceTree = "<group>";
		};
		5718BFFA21FA75C000A8E4B8 /* Supporting Files */ = {
			isa = PBXGroup;
			children = (
				5718BFE821FA75A800A8E4B8 /* AppDelegate.swift */,
				5718BFEF21FA75A900A8E4B8 /* Assets.xcassets */,
				5718BFF121FA75A900A8E4B8 /* LaunchScreen.storyboard */,
				93892D7821FF9F7100B1A0E5 /* SecretKeys.swift */,
			);
			path = "Supporting Files";
			sourceTree = "<group>";
		};
		5718C00721FA78E800A8E4B8 /* Network Services */ = {
			isa = PBXGroup;
			children = (
				5718C00121FA772600A8E4B8 /* AppError.swift */,
				5718C00521FA78BA00A8E4B8 /* ImageHelper.swift */,
				5718BFFF21FA771800A8E4B8 /* NetworkHelper.swift */,
				93892D7621FF9D1300B1A0E5 /* NYTAPIClient.swift */,
				93892D7421FF9CFE00B1A0E5 /* GoogleAPIClient.swift */,
			);
			path = "Network Services";
			sourceTree = "<group>";
		};
		5718C00821FA790000A8E4B8 /* Date Helpers */ = {
			isa = PBXGroup;
			children = (
				5718BFFB21FA763200A8E4B8 /* String+DateExtensions.swift */,
				5718BFFD21FA764E00A8E4B8 /* Date+Extensions.swift */,
			);
			path = "Date Helpers";
			sourceTree = "<group>";
		};
		5718C00921FA791C00A8E4B8 /* File Manager Helpers */ = {
			isa = PBXGroup;
			children = (
				5718C00321FA77AA00A8E4B8 /* DataPersistenceManager.swift */,
				93892D7A2200CAA400B1A0E5 /* FavoriteBooks.swift */,
			);
			path = "File Manager Helpers";
			sourceTree = "<group>";
		};
		93892D1621FB83FE00B1A0E5 /* Controllers */ = {
			isa = PBXGroup;
			children = (
				93892D1721FB844F00B1A0E5 /* BestSellerViewController.swift */,
				93892D1921FB845700B1A0E5 /* FavoriteViewController.swift */,
				93892D1D21FB846D00B1A0E5 /* DetailViewController.swift */,
				93892D1B21FB846200B1A0E5 /* SettingsViewController.swift */,
				93892D7E2201091E00B1A0E5 /* AmazonWebViewController.swift */,
				93892D2821FB86C100B1A0E5 /* SubClass */,
				93892D2721FB84EF00B1A0E5 /* Views */,
			);
			path = Controllers;
			sourceTree = "<group>";
		};
		93892D2721FB84EF00B1A0E5 /* Views */ = {
			isa = PBXGroup;
			children = (
				93892D1F21FB847F00B1A0E5 /* BestSellerView.swift */,
				93892D2121FB848700B1A0E5 /* FavoriteView.swift */,
				93892D2321FB848F00B1A0E5 /* SettingsView.swift */,
				93892D2521FB849900B1A0E5 /* DetailView.swift */,
				93892D802201093200B1A0E5 /* AmazonWebView.swift */,
			);
			path = Views;
			sourceTree = "<group>";
		};
		93892D2821FB86C100B1A0E5 /* SubClass */ = {
			isa = PBXGroup;
			children = (
				93892D2921FB86ED00B1A0E5 /* TabBarViewController.swift */,
				93892D2B21FB9B4900B1A0E5 /* BestSellerCollectionViewCell.swift */,
				93892D3421FBC25900B1A0E5 /* FavoriteCollectionViewCell.swift */,
			);
			path = SubClass;
			sourceTree = "<group>";
		};
		93892D2D21FBAEED00B1A0E5 /* Models */ = {
			isa = PBXGroup;
			children = (
				93892D2E21FBB02B00B1A0E5 /* GenreModel.swift */,
				93892D3021FBB03900B1A0E5 /* BooksModel.swift */,
				93892D7C2200E77C00B1A0E5 /* FavoriteModel.swift */,
				93892D3221FBB04500B1A0E5 /* ImageModel.swift */,
			);
			path = Models;
			sourceTree = "<group>";
		};
/* End PBXGroup section */

/* Begin PBXNativeTarget section */
		5718BFE421FA75A800A8E4B8 /* NYTBestsellers */ = {
			isa = PBXNativeTarget;
			buildConfigurationList = 5718BFF721FA75A900A8E4B8 /* Build configuration list for PBXNativeTarget "NYTBestsellers" */;
			buildPhases = (
				5718BFE121FA75A800A8E4B8 /* Sources */,
				5718BFE221FA75A800A8E4B8 /* Frameworks */,
				5718BFE321FA75A800A8E4B8 /* Resources */,
			);
			buildRules = (
			);
			dependencies = (
			);
			name = NYTBestsellers;
			productName = NYTBestsellers;
			productReference = 5718BFE521FA75A800A8E4B8 /* NYTBestsellers.app */;
			productType = "com.apple.product-type.application";
		};
/* End PBXNativeTarget section */

/* Begin PBXProject section */
		5718BFDD21FA75A800A8E4B8 /* Project object */ = {
			isa = PBXProject;
			attributes = {
				LastSwiftUpdateCheck = 1010;
				LastUpgradeCheck = 1010;
				ORGANIZATIONNAME = Pursuit;
				TargetAttributes = {
					5718BFE421FA75A800A8E4B8 = {
						CreatedOnToolsVersion = 10.1;
					};
				};
			};
			buildConfigurationList = 5718BFE021FA75A800A8E4B8 /* Build configuration list for PBXProject "NYTBestsellers" */;
			compatibilityVersion = "Xcode 9.3";
			developmentRegion = en;
			hasScannedForEncodings = 0;
			knownRegions = (
				en,
				Base,
			);
			mainGroup = 5718BFDC21FA75A800A8E4B8;
			productRefGroup = 5718BFE621FA75A800A8E4B8 /* Products */;
			projectDirPath = "";
			projectRoot = "";
			targets = (
				5718BFE421FA75A800A8E4B8 /* NYTBestsellers */,
			);
		};
/* End PBXProject section */

/* Begin PBXResourcesBuildPhase section */
		5718BFE321FA75A800A8E4B8 /* Resources */ = {
			isa = PBXResourcesBuildPhase;
			buildActionMask = 2147483647;
			files = (
				5718BFF321FA75A900A8E4B8 /* LaunchScreen.storyboard in Resources */,
				5718BFF021FA75A900A8E4B8 /* Assets.xcassets in Resources */,
			);
			runOnlyForDeploymentPostprocessing = 0;
		};
/* End PBXResourcesBuildPhase section */

/* Begin PBXSourcesBuildPhase section */
		5718BFE121FA75A800A8E4B8 /* Sources */ = {
			isa = PBXSourcesBuildPhase;
			buildActionMask = 2147483647;
			files = (
				93892D7521FF9CFE00B1A0E5 /* GoogleAPIClient.swift in Sources */,
				93892D2A21FB86ED00B1A0E5 /* TabBarViewController.swift in Sources */,
				93892D1E21FB846D00B1A0E5 /* DetailViewController.swift in Sources */,
				93892D3121FBB03900B1A0E5 /* BooksModel.swift in Sources */,
				5718C00021FA771800A8E4B8 /* NetworkHelper.swift in Sources */,
				93892D812201093200B1A0E5 /* AmazonWebView.swift in Sources */,
				93892D7921FF9F7100B1A0E5 /* SecretKeys.swift in Sources */,
				93892D3521FBC25900B1A0E5 /* FavoriteCollectionViewCell.swift in Sources */,
				93892D2F21FBB02B00B1A0E5 /* GenreModel.swift in Sources */,
				5718BFFC21FA763200A8E4B8 /* String+DateExtensions.swift in Sources */,
				93892D7B2200CAA400B1A0E5 /* FavoriteBooks.swift in Sources */,
				5718C00221FA772600A8E4B8 /* AppError.swift in Sources */,
				93892D1C21FB846200B1A0E5 /* SettingsViewController.swift in Sources */,
				5718C00421FA77AA00A8E4B8 /* DataPersistenceManager.swift in Sources */,
				93892D7F2201091E00B1A0E5 /* AmazonWebViewController.swift in Sources */,
				93892D1A21FB845700B1A0E5 /* FavoriteViewController.swift in Sources */,
				93892D2421FB848F00B1A0E5 /* SettingsView.swift in Sources */,
				93892D3321FBB04500B1A0E5 /* ImageModel.swift in Sources */,
				5718BFE921FA75A800A8E4B8 /* AppDelegate.swift in Sources */,
				93892D2221FB848700B1A0E5 /* FavoriteView.swift in Sources */,
				93892D1821FB844F00B1A0E5 /* BestSellerViewController.swift in Sources */,
				5718BFFE21FA764E00A8E4B8 /* Date+Extensions.swift in Sources */,
				93892D2C21FB9B4A00B1A0E5 /* BestSellerCollectionViewCell.swift in Sources */,
				93892D7721FF9D1300B1A0E5 /* NYTAPIClient.swift in Sources */,
				5718C00621FA78BA00A8E4B8 /* ImageHelper.swift in Sources */,
				93892D7D2200E77C00B1A0E5 /* FavoriteModel.swift in Sources */,
				93892D2621FB849900B1A0E5 /* DetailView.swift in Sources */,
				93892D2021FB847F00B1A0E5 /* BestSellerView.swift in Sources */,
			);
			runOnlyForDeploymentPostprocessing = 0;
		};
/* End PBXSourcesBuildPhase section */

/* Begin PBXVariantGroup section */
		5718BFF121FA75A900A8E4B8 /* LaunchScreen.storyboard */ = {
			isa = PBXVariantGroup;
			children = (
				5718BFF221FA75A900A8E4B8 /* Base */,
			);
			name = LaunchScreen.storyboard;
			sourceTree = "<group>";
		};
/* End PBXVariantGroup section */

/* Begin XCBuildConfiguration section */
		5718BFF521FA75A900A8E4B8 /* Debug */ = {
			isa = XCBuildConfiguration;
			buildSettings = {
				ALWAYS_SEARCH_USER_PATHS = NO;
				CLANG_ANALYZER_NONNULL = YES;
				CLANG_ANALYZER_NUMBER_OBJECT_CONVERSION = YES_AGGRESSIVE;
				CLANG_CXX_LANGUAGE_STANDARD = "gnu++14";
				CLANG_CXX_LIBRARY = "libc++";
				CLANG_ENABLE_MODULES = YES;
				CLANG_ENABLE_OBJC_ARC = YES;
				CLANG_ENABLE_OBJC_WEAK = YES;
				CLANG_WARN_BLOCK_CAPTURE_AUTORELEASING = YES;
				CLANG_WARN_BOOL_CONVERSION = YES;
				CLANG_WARN_COMMA = YES;
				CLANG_WARN_CONSTANT_CONVERSION = YES;
				CLANG_WARN_DEPRECATED_OBJC_IMPLEMENTATIONS = YES;
				CLANG_WARN_DIRECT_OBJC_ISA_USAGE = YES_ERROR;
				CLANG_WARN_DOCUMENTATION_COMMENTS = YES;
				CLANG_WARN_EMPTY_BODY = YES;
				CLANG_WARN_ENUM_CONVERSION = YES;
				CLANG_WARN_INFINITE_RECURSION = YES;
				CLANG_WARN_INT_CONVERSION = YES;
				CLANG_WARN_NON_LITERAL_NULL_CONVERSION = YES;
				CLANG_WARN_OBJC_IMPLICIT_RETAIN_SELF = YES;
				CLANG_WARN_OBJC_LITERAL_CONVERSION = YES;
				CLANG_WARN_OBJC_ROOT_CLASS = YES_ERROR;
				CLANG_WARN_RANGE_LOOP_ANALYSIS = YES;
				CLANG_WARN_STRICT_PROTOTYPES = YES;
				CLANG_WARN_SUSPICIOUS_MOVE = YES;
				CLANG_WARN_UNGUARDED_AVAILABILITY = YES_AGGRESSIVE;
				CLANG_WARN_UNREACHABLE_CODE = YES;
				CLANG_WARN__DUPLICATE_METHOD_MATCH = YES;
				CODE_SIGN_IDENTITY = "iPhone Developer";
				COPY_PHASE_STRIP = NO;
				DEBUG_INFORMATION_FORMAT = dwarf;
				ENABLE_STRICT_OBJC_MSGSEND = YES;
				ENABLE_TESTABILITY = YES;
				GCC_C_LANGUAGE_STANDARD = gnu11;
				GCC_DYNAMIC_NO_PIC = NO;
				GCC_NO_COMMON_BLOCKS = YES;
				GCC_OPTIMIZATION_LEVEL = 0;
				GCC_PREPROCESSOR_DEFINITIONS = (
					"DEBUG=1",
					"$(inherited)",
				);
				GCC_WARN_64_TO_32_BIT_CONVERSION = YES;
				GCC_WARN_ABOUT_RETURN_TYPE = YES_ERROR;
				GCC_WARN_UNDECLARED_SELECTOR = YES;
				GCC_WARN_UNINITIALIZED_AUTOS = YES_AGGRESSIVE;
				GCC_WARN_UNUSED_FUNCTION = YES;
				GCC_WARN_UNUSED_VARIABLE = YES;
				IPHONEOS_DEPLOYMENT_TARGET = 12.1;
				MTL_ENABLE_DEBUG_INFO = INCLUDE_SOURCE;
				MTL_FAST_MATH = YES;
				ONLY_ACTIVE_ARCH = YES;
				SDKROOT = iphoneos;
				SWIFT_ACTIVE_COMPILATION_CONDITIONS = DEBUG;
				SWIFT_OPTIMIZATION_LEVEL = "-Onone";
			};
			name = Debug;
		};
		5718BFF621FA75A900A8E4B8 /* Release */ = {
			isa = XCBuildConfiguration;
			buildSettings = {
				ALWAYS_SEARCH_USER_PATHS = NO;
				CLANG_ANALYZER_NONNULL = YES;
				CLANG_ANALYZER_NUMBER_OBJECT_CONVERSION = YES_AGGRESSIVE;
				CLANG_CXX_LANGUAGE_STANDARD = "gnu++14";
				CLANG_CXX_LIBRARY = "libc++";
				CLANG_ENABLE_MODULES = YES;
				CLANG_ENABLE_OBJC_ARC = YES;
				CLANG_ENABLE_OBJC_WEAK = YES;
				CLANG_WARN_BLOCK_CAPTURE_AUTORELEASING = YES;
				CLANG_WARN_BOOL_CONVERSION = YES;
				CLANG_WARN_COMMA = YES;
				CLANG_WARN_CONSTANT_CONVERSION = YES;
				CLANG_WARN_DEPRECATED_OBJC_IMPLEMENTATIONS = YES;
				CLANG_WARN_DIRECT_OBJC_ISA_USAGE = YES_ERROR;
				CLANG_WARN_DOCUMENTATION_COMMENTS = YES;
				CLANG_WARN_EMPTY_BODY = YES;
				CLANG_WARN_ENUM_CONVERSION = YES;
				CLANG_WARN_INFINITE_RECURSION = YES;
				CLANG_WARN_INT_CONVERSION = YES;
				CLANG_WARN_NON_LITERAL_NULL_CONVERSION = YES;
				CLANG_WARN_OBJC_IMPLICIT_RETAIN_SELF = YES;
				CLANG_WARN_OBJC_LITERAL_CONVERSION = YES;
				CLANG_WARN_OBJC_ROOT_CLASS = YES_ERROR;
				CLANG_WARN_RANGE_LOOP_ANALYSIS = YES;
				CLANG_WARN_STRICT_PROTOTYPES = YES;
				CLANG_WARN_SUSPICIOUS_MOVE = YES;
				CLANG_WARN_UNGUARDED_AVAILABILITY = YES_AGGRESSIVE;
				CLANG_WARN_UNREACHABLE_CODE = YES;
				CLANG_WARN__DUPLICATE_METHOD_MATCH = YES;
				CODE_SIGN_IDENTITY = "iPhone Developer";
				COPY_PHASE_STRIP = NO;
				DEBUG_INFORMATION_FORMAT = "dwarf-with-dsym";
				ENABLE_NS_ASSERTIONS = NO;
				ENABLE_STRICT_OBJC_MSGSEND = YES;
				GCC_C_LANGUAGE_STANDARD = gnu11;
				GCC_NO_COMMON_BLOCKS = YES;
				GCC_WARN_64_TO_32_BIT_CONVERSION = YES;
				GCC_WARN_ABOUT_RETURN_TYPE = YES_ERROR;
				GCC_WARN_UNDECLARED_SELECTOR = YES;
				GCC_WARN_UNINITIALIZED_AUTOS = YES_AGGRESSIVE;
				GCC_WARN_UNUSED_FUNCTION = YES;
				GCC_WARN_UNUSED_VARIABLE = YES;
				IPHONEOS_DEPLOYMENT_TARGET = 12.1;
				MTL_ENABLE_DEBUG_INFO = NO;
				MTL_FAST_MATH = YES;
				SDKROOT = iphoneos;
				SWIFT_COMPILATION_MODE = wholemodule;
				SWIFT_OPTIMIZATION_LEVEL = "-O";
				VALIDATE_PRODUCT = YES;
			};
			name = Release;
		};
		5718BFF821FA75A900A8E4B8 /* Debug */ = {
			isa = XCBuildConfiguration;
			buildSettings = {
				ASSETCATALOG_COMPILER_APPICON_NAME = AppIcon;
				CODE_SIGN_STYLE = Automatic;
				INFOPLIST_FILE = NYTBestsellers/Info.plist;
				IPHONEOS_DEPLOYMENT_TARGET = 12.0;
				LD_RUNPATH_SEARCH_PATHS = (
					"$(inherited)",
					"@executable_path/Frameworks",
				);
				PRODUCT_BUNDLE_IDENTIFIER = org.pursuit.NYTBestsellers;
				PRODUCT_NAME = "$(TARGET_NAME)";
				SWIFT_VERSION = 4.2;
				TARGETED_DEVICE_FAMILY = "1,2";
			};
			name = Debug;
		};
		5718BFF921FA75A900A8E4B8 /* Release */ = {
			isa = XCBuildConfiguration;
			buildSettings = {
				ASSETCATALOG_COMPILER_APPICON_NAME = AppIcon;
				CODE_SIGN_STYLE = Automatic;
				INFOPLIST_FILE = NYTBestsellers/Info.plist;
				IPHONEOS_DEPLOYMENT_TARGET = 12.0;
				LD_RUNPATH_SEARCH_PATHS = (
					"$(inherited)",
					"@executable_path/Frameworks",
				);
				PRODUCT_BUNDLE_IDENTIFIER = org.pursuit.NYTBestsellers;
				PRODUCT_NAME = "$(TARGET_NAME)";
				SWIFT_VERSION = 4.2;
				TARGETED_DEVICE_FAMILY = "1,2";
			};
			name = Release;
		};
/* End XCBuildConfiguration section */

/* Begin XCConfigurationList section */
		5718BFE021FA75A800A8E4B8 /* Build configuration list for PBXProject "NYTBestsellers" */ = {
			isa = XCConfigurationList;
			buildConfigurations = (
				5718BFF521FA75A900A8E4B8 /* Debug */,
				5718BFF621FA75A900A8E4B8 /* Release */,
			);
			defaultConfigurationIsVisible = 0;
			defaultConfigurationName = Release;
		};
		5718BFF721FA75A900A8E4B8 /* Build configuration list for PBXNativeTarget "NYTBestsellers" */ = {
			isa = XCConfigurationList;
			buildConfigurations = (
				5718BFF821FA75A900A8E4B8 /* Debug */,
				5718BFF921FA75A900A8E4B8 /* Release */,
			);
			defaultConfigurationIsVisible = 0;
			defaultConfigurationName = Release;
		};
/* End XCConfigurationList section */
	};
	rootObject = 5718BFDD21FA75A800A8E4B8 /* Project object */;
}
