// !$*UTF8*$!
{
	archiveVersion = 1;
	classes = {
	};
	objectVersion = 50;
	objects = {

/* Begin PBXBuildFile section */
		5718BFE921FA75A800A8E4B8 /* AppDelegate.swift in Sources */ = {isa = PBXBuildFile; fileRef = 5718BFE821FA75A800A8E4B8 /* AppDelegate.swift */; };
		5718BFF021FA75A900A8E4B8 /* Assets.xcassets in Resources */ = {isa = PBXBuildFile; fileRef = 5718BFEF21FA75A900A8E4B8 /* Assets.xcassets */; };
		5718BFF321FA75A900A8E4B8 /* LaunchScreen.storyboard in Resources */ = {isa = PBXBuildFile; fileRef = 5718BFF121FA75A900A8E4B8 /* LaunchScreen.storyboard */; };
		5718BFFC21FA763200A8E4B8 /* String+DateExtensions.swift in Sources */ = {isa = PBXBuildFile; fileRef = 5718BFFB21FA763200A8E4B8 /* String+DateExtensions.swift */; };
		5718BFFE21FA764E00A8E4B8 /* Date+Extensions.swift in Sources */ = {isa = PBXBuildFile; fileRef = 5718BFFD21FA764E00A8E4B8 /* Date+Extensions.swift */; };
		5718C00021FA771800A8E4B8 /* NetworkHelper.swift in Sources */ = {isa = PBXBuildFile; fileRef = 5718BFFF21FA771800A8E4B8 /* NetworkHelper.swift */; };
		5718C00221FA772600A8E4B8 /* AppError.swift in Sources */ = {isa = PBXBuildFile; fileRef = 5718C00121FA772600A8E4B8 /* AppError.swift */; };
		5718C00421FA77AA00A8E4B8 /* DataPersistenceManager.swift in Sources */ = {isa = PBXBuildFile; fileRef = 5718C00321FA77AA00A8E4B8 /* DataPersistenceManager.swift */; };
		5718C00621FA78BA00A8E4B8 /* ImageHelper.swift in Sources */ = {isa = PBXBuildFile; fileRef = 5718C00521FA78BA00A8E4B8 /* ImageHelper.swift */; };
		D60401E821FBA1110002A04C /* VC+Extensions.swift in Sources */ = {isa = PBXBuildFile; fileRef = D60401E721FBA1110002A04C /* VC+Extensions.swift */; };
		D60401ED21FBA58F0002A04C /* SettingViewController.swift in Sources */ = {isa = PBXBuildFile; fileRef = D60401EC21FBA58F0002A04C /* SettingViewController.swift */; };
		D60401EF21FBA5A50002A04C /* FavoriteViewController.swift in Sources */ = {isa = PBXBuildFile; fileRef = D60401EE21FBA5A50002A04C /* FavoriteViewController.swift */; };
		D60401F121FBA6240002A04C /* NYTBestSellingController.swift in Sources */ = {isa = PBXBuildFile; fileRef = D60401F021FBA6240002A04C /* NYTBestSellingController.swift */; };
		D60401F321FBA6410002A04C /* NYTDetailBestSellingController.swift in Sources */ = {isa = PBXBuildFile; fileRef = D60401F221FBA6410002A04C /* NYTDetailBestSellingController.swift */; };
		D60401F521FBA8E60002A04C /* NYTBestSellingView.swift in Sources */ = {isa = PBXBuildFile; fileRef = D60401F421FBA8E60002A04C /* NYTBestSellingView.swift */; };
		D60401F721FBA8FB0002A04C /* NYTDetailBestSellingView.swift in Sources */ = {isa = PBXBuildFile; fileRef = D60401F621FBA8FB0002A04C /* NYTDetailBestSellingView.swift */; };
		D60401F921FBA90E0002A04C /* FavoriteView.swift in Sources */ = {isa = PBXBuildFile; fileRef = D60401F821FBA90E0002A04C /* FavoriteView.swift */; };
		D60401FB21FBA9230002A04C /* SettingView.swift in Sources */ = {isa = PBXBuildFile; fileRef = D60401FA21FBA9230002A04C /* SettingView.swift */; };
		D60401FD21FBA9860002A04C /* BookCell.swift in Sources */ = {isa = PBXBuildFile; fileRef = D60401FC21FBA9860002A04C /* BookCell.swift */; };
		D60401FF21FBA9980002A04C /* FavoriteCell.swift in Sources */ = {isa = PBXBuildFile; fileRef = D60401FE21FBA9980002A04C /* FavoriteCell.swift */; };
		D604020121FBB2430002A04C /* Category.swift in Sources */ = {isa = PBXBuildFile; fileRef = D604020021FBB2430002A04C /* Category.swift */; };
		D604020321FBB2650002A04C /* FavoriteModel.swift in Sources */ = {isa = PBXBuildFile; fileRef = D604020221FBB2650002A04C /* FavoriteModel.swift */; };
		D604020521FBB8920002A04C /* GoogleBook.swift in Sources */ = {isa = PBXBuildFile; fileRef = D604020421FBB8920002A04C /* GoogleBook.swift */; };
		D604020721FBB8BC0002A04C /* NYTBook.swift in Sources */ = {isa = PBXBuildFile; fileRef = D604020621FBB8BC0002A04C /* NYTBook.swift */; };
		D6048C9821FFBD8200087176 /* SecretKeys.swift in Sources */ = {isa = PBXBuildFile; fileRef = D6048C9721FFBD8200087176 /* SecretKeys.swift */; };
/* End PBXBuildFile section */

/* Begin PBXFileReference section */
		5718BFE521FA75A800A8E4B8 /* NYTBestsellers.app */ = {isa = PBXFileReference; explicitFileType = wrapper.application; includeInIndex = 0; path = NYTBestsellers.app; sourceTree = BUILT_PRODUCTS_DIR; };
		5718BFE821FA75A800A8E4B8 /* AppDelegate.swift */ = {isa = PBXFileReference; lastKnownFileType = sourcecode.swift; path = AppDelegate.swift; sourceTree = "<group>"; };
		5718BFEF21FA75A900A8E4B8 /* Assets.xcassets */ = {isa = PBXFileReference; lastKnownFileType = folder.assetcatalog; path = Assets.xcassets; sourceTree = "<group>"; };
		5718BFF221FA75A900A8E4B8 /* Base */ = {isa = PBXFileReference; lastKnownFileType = file.storyboard; name = Base; path = Base.lproj/LaunchScreen.storyboard; sourceTree = "<group>"; };
		5718BFF421FA75A900A8E4B8 /* Info.plist */ = {isa = PBXFileReference; lastKnownFileType = text.plist.xml; path = Info.plist; sourceTree = "<group>"; };
		5718BFFB21FA763200A8E4B8 /* String+DateExtensions.swift */ = {isa = PBXFileReference; lastKnownFileType = sourcecode.swift; path = "String+DateExtensions.swift"; sourceTree = "<group>"; };
		5718BFFD21FA764E00A8E4B8 /* Date+Extensions.swift */ = {isa = PBXFileReference; lastKnownFileType = sourcecode.swift; path = "Date+Extensions.swift"; sourceTree = "<group>"; };
		5718BFFF21FA771800A8E4B8 /* NetworkHelper.swift */ = {isa = PBXFileReference; lastKnownFileType = sourcecode.swift; path = NetworkHelper.swift; sourceTree = "<group>"; };
		5718C00121FA772600A8E4B8 /* AppError.swift */ = {isa = PBXFileReference; lastKnownFileType = sourcecode.swift; path = AppError.swift; sourceTree = "<group>"; };
		5718C00321FA77AA00A8E4B8 /* DataPersistenceManager.swift */ = {isa = PBXFileReference; lastKnownFileType = sourcecode.swift; path = DataPersistenceManager.swift; sourceTree = "<group>"; };
		5718C00521FA78BA00A8E4B8 /* ImageHelper.swift */ = {isa = PBXFileReference; lastKnownFileType = sourcecode.swift; path = ImageHelper.swift; sourceTree = "<group>"; };
		D60401E721FBA1110002A04C /* VC+Extensions.swift */ = {isa = PBXFileReference; lastKnownFileType = sourcecode.swift; path = "VC+Extensions.swift"; sourceTree = "<group>"; };
		D60401EC21FBA58F0002A04C /* SettingViewController.swift */ = {isa = PBXFileReference; lastKnownFileType = sourcecode.swift; path = SettingViewController.swift; sourceTree = "<group>"; };
		D60401EE21FBA5A50002A04C /* FavoriteViewController.swift */ = {isa = PBXFileReference; lastKnownFileType = sourcecode.swift; path = FavoriteViewController.swift; sourceTree = "<group>"; };
		D60401F021FBA6240002A04C /* NYTBestSellingController.swift */ = {isa = PBXFileReference; lastKnownFileType = sourcecode.swift; path = NYTBestSellingController.swift; sourceTree = "<group>"; };
		D60401F221FBA6410002A04C /* NYTDetailBestSellingController.swift */ = {isa = PBXFileReference; lastKnownFileType = sourcecode.swift; path = NYTDetailBestSellingController.swift; sourceTree = "<group>"; };
		D60401F421FBA8E60002A04C /* NYTBestSellingView.swift */ = {isa = PBXFileReference; lastKnownFileType = sourcecode.swift; path = NYTBestSellingView.swift; sourceTree = "<group>"; };
		D60401F621FBA8FB0002A04C /* NYTDetailBestSellingView.swift */ = {isa = PBXFileReference; lastKnownFileType = sourcecode.swift; path = NYTDetailBestSellingView.swift; sourceTree = "<group>"; };
		D60401F821FBA90E0002A04C /* FavoriteView.swift */ = {isa = PBXFileReference; lastKnownFileType = sourcecode.swift; path = FavoriteView.swift; sourceTree = "<group>"; };
		D60401FA21FBA9230002A04C /* SettingView.swift */ = {isa = PBXFileReference; lastKnownFileType = sourcecode.swift; path = SettingView.swift; sourceTree = "<group>"; };
		D60401FC21FBA9860002A04C /* BookCell.swift */ = {isa = PBXFileReference; lastKnownFileType = sourcecode.swift; path = BookCell.swift; sourceTree = "<group>"; };
		D60401FE21FBA9980002A04C /* FavoriteCell.swift */ = {isa = PBXFileReference; lastKnownFileType = sourcecode.swift; path = FavoriteCell.swift; sourceTree = "<group>"; };
		D604020021FBB2430002A04C /* Category.swift */ = {isa = PBXFileReference; lastKnownFileType = sourcecode.swift; path = Category.swift; sourceTree = "<group>"; };
		D604020221FBB2650002A04C /* FavoriteModel.swift */ = {isa = PBXFileReference; lastKnownFileType = sourcecode.swift; path = FavoriteModel.swift; sourceTree = "<group>"; };
		D604020421FBB8920002A04C /* GoogleBook.swift */ = {isa = PBXFileReference; lastKnownFileType = sourcecode.swift; path = GoogleBook.swift; sourceTree = "<group>"; };
		D604020621FBB8BC0002A04C /* NYTBook.swift */ = {isa = PBXFileReference; lastKnownFileType = sourcecode.swift; path = NYTBook.swift; sourceTree = "<group>"; };
		D6048C9721FFBD8200087176 /* SecretKeys.swift */ = {isa = PBXFileReference; lastKnownFileType = sourcecode.swift; path = SecretKeys.swift; sourceTree = "<group>"; };
/* End PBXFileReference section */

/* Begin PBXFrameworksBuildPhase section */
		5718BFE221FA75A800A8E4B8 /* Frameworks */ = {
			isa = PBXFrameworksBuildPhase;
			buildActionMask = 2147483647;
			files = (
			);
			runOnlyForDeploymentPostprocessing = 0;
		};
/* End PBXFrameworksBuildPhase section */

/* Begin PBXGroup section */
		5718BFDC21FA75A800A8E4B8 = {
			isa = PBXGroup;
			children = (
				5718BFE721FA75A800A8E4B8 /* NYTBestsellers */,
				5718BFE621FA75A800A8E4B8 /* Products */,
			);
			sourceTree = "<group>";
		};
		5718BFE621FA75A800A8E4B8 /* Products */ = {
			isa = PBXGroup;
			children = (
				5718BFE521FA75A800A8E4B8 /* NYTBestsellers.app */,
			);
			name = Products;
			sourceTree = "<group>";
		};
		5718BFE721FA75A800A8E4B8 /* NYTBestsellers */ = {
			isa = PBXGroup;
			children = (
				5718BFE821FA75A800A8E4B8 /* AppDelegate.swift */,
				5718C00121FA772600A8E4B8 /* AppError.swift */,
				D60401E421FBA0680002A04C /* Alert Helper */,
				5718C00721FA78E800A8E4B8 /* Network Services */,
				5718C00921FA791C00A8E4B8 /* File Manager Helpers */,
				5718C00821FA790000A8E4B8 /* Date Helpers */,
				D60401EA21FBA54A0002A04C /* Model */,
				D60401E921FBA5440002A04C /* View */,
				D60401EB21FBA5500002A04C /* Controller */,
				5718BFFA21FA75C000A8E4B8 /* Supporting Files */,
				5718BFF421FA75A900A8E4B8 /* Info.plist */,
			);
			path = NYTBestsellers;
			sourceTree = "<group>";
		};
		5718BFFA21FA75C000A8E4B8 /* Supporting Files */ = {
			isa = PBXGroup;
			children = (
				5718BFEF21FA75A900A8E4B8 /* Assets.xcassets */,
				5718BFF121FA75A900A8E4B8 /* LaunchScreen.storyboard */,
			);
			path = "Supporting Files";
			sourceTree = "<group>";
		};
		5718C00721FA78E800A8E4B8 /* Network Services */ = {
			isa = PBXGroup;
			children = (
				5718C00521FA78BA00A8E4B8 /* ImageHelper.swift */,
				5718BFFF21FA771800A8E4B8 /* NetworkHelper.swift */,
				D6048C9721FFBD8200087176 /* SecretKeys.swift */,
			);
			path = "Network Services";
			sourceTree = "<group>";
		};
		5718C00821FA790000A8E4B8 /* Date Helpers */ = {
			isa = PBXGroup;
			children = (
				5718BFFB21FA763200A8E4B8 /* String+DateExtensions.swift */,
				5718BFFD21FA764E00A8E4B8 /* Date+Extensions.swift */,
			);
			path = "Date Helpers";
			sourceTree = "<group>";
		};
		5718C00921FA791C00A8E4B8 /* File Manager Helpers */ = {
			isa = PBXGroup;
			children = (
				5718C00321FA77AA00A8E4B8 /* DataPersistenceManager.swift */,
			);
			path = "File Manager Helpers";
			sourceTree = "<group>";
		};
		D60401E421FBA0680002A04C /* Alert Helper */ = {
			isa = PBXGroup;
			children = (
				D60401E721FBA1110002A04C /* VC+Extensions.swift */,
			);
			path = "Alert Helper";
			sourceTree = "<group>";
		};
		D60401E921FBA5440002A04C /* View */ = {
			isa = PBXGroup;
			children = (
				D60401F421FBA8E60002A04C /* NYTBestSellingView.swift */,
				D60401F621FBA8FB0002A04C /* NYTDetailBestSellingView.swift */,
				D60401F821FBA90E0002A04C /* FavoriteView.swift */,
				D60401FA21FBA9230002A04C /* SettingView.swift */,
				D60401FC21FBA9860002A04C /* BookCell.swift */,
				D60401FE21FBA9980002A04C /* FavoriteCell.swift */,
			);
			path = View;
			sourceTree = "<group>";
		};
		D60401EA21FBA54A0002A04C /* Model */ = {
			isa = PBXGroup;
			children = (
				D604020021FBB2430002A04C /* Category.swift */,
				D604020621FBB8BC0002A04C /* NYTBook.swift */,
				D604020421FBB8920002A04C /* GoogleBook.swift */,
				D604020221FBB2650002A04C /* FavoriteModel.swift */,
			);
			path = Model;
			sourceTree = "<group>";
		};
		D60401EB21FBA5500002A04C /* Controller */ = {
			isa = PBXGroup;
			children = (
				D60401F021FBA6240002A04C /* NYTBestSellingController.swift */,
				D60401F221FBA6410002A04C /* NYTDetailBestSellingController.swift */,
				D60401EE21FBA5A50002A04C /* FavoriteViewController.swift */,
				D60401EC21FBA58F0002A04C /* SettingViewController.swift */,
			);
			path = Controller;
			sourceTree = "<group>";
		};
/* End PBXGroup section */

/* Begin PBXNativeTarget section */
		5718BFE421FA75A800A8E4B8 /* NYTBestsellers */ = {
			isa = PBXNativeTarget;
			buildConfigurationList = 5718BFF721FA75A900A8E4B8 /* Build configuration list for PBXNativeTarget "NYTBestsellers" */;
			buildPhases = (
				5718BFE121FA75A800A8E4B8 /* Sources */,
				5718BFE221FA75A800A8E4B8 /* Frameworks */,
				5718BFE321FA75A800A8E4B8 /* Resources */,
			);
			buildRules = (
			);
			dependencies = (
			);
			name = NYTBestsellers;
			productName = NYTBestsellers;
			productReference = 5718BFE521FA75A800A8E4B8 /* NYTBestsellers.app */;
			productType = "com.apple.product-type.application";
		};
/* End PBXNativeTarget section */

/* Begin PBXProject section */
		5718BFDD21FA75A800A8E4B8 /* Project object */ = {
			isa = PBXProject;
			attributes = {
				LastSwiftUpdateCheck = 1010;
				LastUpgradeCheck = 1010;
				ORGANIZATIONNAME = Pursuit;
				TargetAttributes = {
					5718BFE421FA75A800A8E4B8 = {
						CreatedOnToolsVersion = 10.1;
					};
				};
			};
			buildConfigurationList = 5718BFE021FA75A800A8E4B8 /* Build configuration list for PBXProject "NYTBestsellers" */;
			compatibilityVersion = "Xcode 9.3";
			developmentRegion = en;
			hasScannedForEncodings = 0;
			knownRegions = (
				en,
				Base,
			);
			mainGroup = 5718BFDC21FA75A800A8E4B8;
			productRefGroup = 5718BFE621FA75A800A8E4B8 /* Products */;
			projectDirPath = "";
			projectRoot = "";
			targets = (
				5718BFE421FA75A800A8E4B8 /* NYTBestsellers */,
			);
		};
/* End PBXProject section */

/* Begin PBXResourcesBuildPhase section */
		5718BFE321FA75A800A8E4B8 /* Resources */ = {
			isa = PBXResourcesBuildPhase;
			buildActionMask = 2147483647;
			files = (
				5718BFF321FA75A900A8E4B8 /* LaunchScreen.storyboard in Resources */,
				5718BFF021FA75A900A8E4B8 /* Assets.xcassets in Resources */,
			);
			runOnlyForDeploymentPostprocessing = 0;
		};
/* End PBXResourcesBuildPhase section */

/* Begin PBXSourcesBuildPhase section */
		5718BFE121FA75A800A8E4B8 /* Sources */ = {
			isa = PBXSourcesBuildPhase;
			buildActionMask = 2147483647;
			files = (
				5718C00021FA771800A8E4B8 /* NetworkHelper.swift in Sources */,
				5718BFFC21FA763200A8E4B8 /* String+DateExtensions.swift in Sources */,
				D604020121FBB2430002A04C /* Category.swift in Sources */,
				D60401E821FBA1110002A04C /* VC+Extensions.swift in Sources */,
				D604020721FBB8BC0002A04C /* NYTBook.swift in Sources */,
				5718C00221FA772600A8E4B8 /* AppError.swift in Sources */,
				D60401F521FBA8E60002A04C /* NYTBestSellingView.swift in Sources */,
				D60401FB21FBA9230002A04C /* SettingView.swift in Sources */,
				D60401EF21FBA5A50002A04C /* FavoriteViewController.swift in Sources */,
				5718C00421FA77AA00A8E4B8 /* DataPersistenceManager.swift in Sources */,
				D60401FD21FBA9860002A04C /* BookCell.swift in Sources */,
				D60401F121FBA6240002A04C /* NYTBestSellingController.swift in Sources */,
				D604020321FBB2650002A04C /* FavoriteModel.swift in Sources */,
				D60401ED21FBA58F0002A04C /* SettingViewController.swift in Sources */,
				5718BFE921FA75A800A8E4B8 /* AppDelegate.swift in Sources */,
				D60401F721FBA8FB0002A04C /* NYTDetailBestSellingView.swift in Sources */,
				D604020521FBB8920002A04C /* GoogleBook.swift in Sources */,
				5718BFFE21FA764E00A8E4B8 /* Date+Extensions.swift in Sources */,
				D60401F321FBA6410002A04C /* NYTDetailBestSellingController.swift in Sources */,
				D6048C9821FFBD8200087176 /* SecretKeys.swift in Sources */,
				D60401FF21FBA9980002A04C /* FavoriteCell.swift in Sources */,
				D60401F921FBA90E0002A04C /* FavoriteView.swift in Sources */,
				5718C00621FA78BA00A8E4B8 /* ImageHelper.swift in Sources */,
			);
			runOnlyForDeploymentPostprocessing = 0;
		};
/* End PBXSourcesBuildPhase section */

/* Begin PBXVariantGroup section */
		5718BFF121FA75A900A8E4B8 /* LaunchScreen.storyboard */ = {
			isa = PBXVariantGroup;
			children = (
				5718BFF221FA75A900A8E4B8 /* Base */,
			);
			name = LaunchScreen.storyboard;
			sourceTree = "<group>";
		};
/* End PBXVariantGroup section */

/* Begin XCBuildConfiguration section */
		5718BFF521FA75A900A8E4B8 /* Debug */ = {
			isa = XCBuildConfiguration;
			buildSettings = {
				ALWAYS_SEARCH_USER_PATHS = NO;
				CLANG_ANALYZER_NONNULL = YES;
				CLANG_ANALYZER_NUMBER_OBJECT_CONVERSION = YES_AGGRESSIVE;
				CLANG_CXX_LANGUAGE_STANDARD = "gnu++14";
				CLANG_CXX_LIBRARY = "libc++";
				CLANG_ENABLE_MODULES = YES;
				CLANG_ENABLE_OBJC_ARC = YES;
				CLANG_ENABLE_OBJC_WEAK = YES;
				CLANG_WARN_BLOCK_CAPTURE_AUTORELEASING = YES;
				CLANG_WARN_BOOL_CONVERSION = YES;
				CLANG_WARN_COMMA = YES;
				CLANG_WARN_CONSTANT_CONVERSION = YES;
				CLANG_WARN_DEPRECATED_OBJC_IMPLEMENTATIONS = YES;
				CLANG_WARN_DIRECT_OBJC_ISA_USAGE = YES_ERROR;
				CLANG_WARN_DOCUMENTATION_COMMENTS = YES;
				CLANG_WARN_EMPTY_BODY = YES;
				CLANG_WARN_ENUM_CONVERSION = YES;
				CLANG_WARN_INFINITE_RECURSION = YES;
				CLANG_WARN_INT_CONVERSION = YES;
				CLANG_WARN_NON_LITERAL_NULL_CONVERSION = YES;
				CLANG_WARN_OBJC_IMPLICIT_RETAIN_SELF = YES;
				CLANG_WARN_OBJC_LITERAL_CONVERSION = YES;
				CLANG_WARN_OBJC_ROOT_CLASS = YES_ERROR;
				CLANG_WARN_RANGE_LOOP_ANALYSIS = YES;
				CLANG_WARN_STRICT_PROTOTYPES = YES;
				CLANG_WARN_SUSPICIOUS_MOVE = YES;
				CLANG_WARN_UNGUARDED_AVAILABILITY = YES_AGGRESSIVE;
				CLANG_WARN_UNREACHABLE_CODE = YES;
				CLANG_WARN__DUPLICATE_METHOD_MATCH = YES;
				CODE_SIGN_IDENTITY = "iPhone Developer";
				COPY_PHASE_STRIP = NO;
				DEBUG_INFORMATION_FORMAT = dwarf;
				ENABLE_STRICT_OBJC_MSGSEND = YES;
				ENABLE_TESTABILITY = YES;
				GCC_C_LANGUAGE_STANDARD = gnu11;
				GCC_DYNAMIC_NO_PIC = NO;
				GCC_NO_COMMON_BLOCKS = YES;
				GCC_OPTIMIZATION_LEVEL = 0;
				GCC_PREPROCESSOR_DEFINITIONS = (
					"DEBUG=1",
					"$(inherited)",
				);
				GCC_WARN_64_TO_32_BIT_CONVERSION = YES;
				GCC_WARN_ABOUT_RETURN_TYPE = YES_ERROR;
				GCC_WARN_UNDECLARED_SELECTOR = YES;
				GCC_WARN_UNINITIALIZED_AUTOS = YES_AGGRESSIVE;
				GCC_WARN_UNUSED_FUNCTION = YES;
				GCC_WARN_UNUSED_VARIABLE = YES;
				IPHONEOS_DEPLOYMENT_TARGET = 12.1;
				MTL_ENABLE_DEBUG_INFO = INCLUDE_SOURCE;
				MTL_FAST_MATH = YES;
				ONLY_ACTIVE_ARCH = YES;
				SDKROOT = iphoneos;
				SWIFT_ACTIVE_COMPILATION_CONDITIONS = DEBUG;
				SWIFT_OPTIMIZATION_LEVEL = "-Onone";
			};
			name = Debug;
		};
		5718BFF621FA75A900A8E4B8 /* Release */ = {
			isa = XCBuildConfiguration;
			buildSettings = {
				ALWAYS_SEARCH_USER_PATHS = NO;
				CLANG_ANALYZER_NONNULL = YES;
				CLANG_ANALYZER_NUMBER_OBJECT_CONVERSION = YES_AGGRESSIVE;
				CLANG_CXX_LANGUAGE_STANDARD = "gnu++14";
				CLANG_CXX_LIBRARY = "libc++";
				CLANG_ENABLE_MODULES = YES;
				CLANG_ENABLE_OBJC_ARC = YES;
				CLANG_ENABLE_OBJC_WEAK = YES;
				CLANG_WARN_BLOCK_CAPTURE_AUTORELEASING = YES;
				CLANG_WARN_BOOL_CONVERSION = YES;
				CLANG_WARN_COMMA = YES;
				CLANG_WARN_CONSTANT_CONVERSION = YES;
				CLANG_WARN_DEPRECATED_OBJC_IMPLEMENTATIONS = YES;
				CLANG_WARN_DIRECT_OBJC_ISA_USAGE = YES_ERROR;
				CLANG_WARN_DOCUMENTATION_COMMENTS = YES;
				CLANG_WARN_EMPTY_BODY = YES;
				CLANG_WARN_ENUM_CONVERSION = YES;
				CLANG_WARN_INFINITE_RECURSION = YES;
				CLANG_WARN_INT_CONVERSION = YES;
				CLANG_WARN_NON_LITERAL_NULL_CONVERSION = YES;
				CLANG_WARN_OBJC_IMPLICIT_RETAIN_SELF = YES;
				CLANG_WARN_OBJC_LITERAL_CONVERSION = YES;
				CLANG_WARN_OBJC_ROOT_CLASS = YES_ERROR;
				CLANG_WARN_RANGE_LOOP_ANALYSIS = YES;
				CLANG_WARN_STRICT_PROTOTYPES = YES;
				CLANG_WARN_SUSPICIOUS_MOVE = YES;
				CLANG_WARN_UNGUARDED_AVAILABILITY = YES_AGGRESSIVE;
				CLANG_WARN_UNREACHABLE_CODE = YES;
				CLANG_WARN__DUPLICATE_METHOD_MATCH = YES;
				CODE_SIGN_IDENTITY = "iPhone Developer";
				COPY_PHASE_STRIP = NO;
				DEBUG_INFORMATION_FORMAT = "dwarf-with-dsym";
				ENABLE_NS_ASSERTIONS = NO;
				ENABLE_STRICT_OBJC_MSGSEND = YES;
				GCC_C_LANGUAGE_STANDARD = gnu11;
				GCC_NO_COMMON_BLOCKS = YES;
				GCC_WARN_64_TO_32_BIT_CONVERSION = YES;
				GCC_WARN_ABOUT_RETURN_TYPE = YES_ERROR;
				GCC_WARN_UNDECLARED_SELECTOR = YES;
				GCC_WARN_UNINITIALIZED_AUTOS = YES_AGGRESSIVE;
				GCC_WARN_UNUSED_FUNCTION = YES;
				GCC_WARN_UNUSED_VARIABLE = YES;
				IPHONEOS_DEPLOYMENT_TARGET = 12.1;
				MTL_ENABLE_DEBUG_INFO = NO;
				MTL_FAST_MATH = YES;
				SDKROOT = iphoneos;
				SWIFT_COMPILATION_MODE = wholemodule;
				SWIFT_OPTIMIZATION_LEVEL = "-O";
				VALIDATE_PRODUCT = YES;
			};
			name = Release;
		};
		5718BFF821FA75A900A8E4B8 /* Debug */ = {
			isa = XCBuildConfiguration;
			buildSettings = {
				ASSETCATALOG_COMPILER_APPICON_NAME = AppIcon;
				CODE_SIGN_STYLE = Automatic;
				DEVELOPMENT_TEAM = 79H8CH9S4F;
				INFOPLIST_FILE = NYTBestsellers/Info.plist;
				IPHONEOS_DEPLOYMENT_TARGET = 12.0;
				LD_RUNPATH_SEARCH_PATHS = (
					"$(inherited)",
					"@executable_path/Frameworks",
				);
				PRODUCT_BUNDLE_IDENTIFIER = org.pursuit.NYTBestSelling;
				PRODUCT_NAME = "$(TARGET_NAME)";
				SWIFT_VERSION = 4.2;
				TARGETED_DEVICE_FAMILY = "1,2";
			};
			name = Debug;
		};
		5718BFF921FA75A900A8E4B8 /* Release */ = {
			isa = XCBuildConfiguration;
			buildSettings = {
				ASSETCATALOG_COMPILER_APPICON_NAME = AppIcon;
				CODE_SIGN_STYLE = Automatic;
				DEVELOPMENT_TEAM = 79H8CH9S4F;
				INFOPLIST_FILE = NYTBestsellers/Info.plist;
				IPHONEOS_DEPLOYMENT_TARGET = 12.0;
				LD_RUNPATH_SEARCH_PATHS = (
					"$(inherited)",
					"@executable_path/Frameworks",
				);
				PRODUCT_BUNDLE_IDENTIFIER = org.pursuit.NYTBestSelling;
				PRODUCT_NAME = "$(TARGET_NAME)";
				SWIFT_VERSION = 4.2;
				TARGETED_DEVICE_FAMILY = "1,2";
			};
			name = Release;
		};
/* End XCBuildConfiguration section */

/* Begin XCConfigurationList section */
		5718BFE021FA75A800A8E4B8 /* Build configuration list for PBXProject "NYTBestsellers" */ = {
			isa = XCConfigurationList;
			buildConfigurations = (
				5718BFF521FA75A900A8E4B8 /* Debug */,
				5718BFF621FA75A900A8E4B8 /* Release */,
			);
			defaultConfigurationIsVisible = 0;
			defaultConfigurationName = Release;
		};
		5718BFF721FA75A900A8E4B8 /* Build configuration list for PBXNativeTarget "NYTBestsellers" */ = {
			isa = XCConfigurationList;
			buildConfigurations = (
				5718BFF821FA75A900A8E4B8 /* Debug */,
				5718BFF921FA75A900A8E4B8 /* Release */,
			);
			defaultConfigurationIsVisible = 0;
			defaultConfigurationName = Release;
		};
/* End XCConfigurationList section */
	};
	rootObject = 5718BFDD21FA75A800A8E4B8 /* Project object */;
}
